// !$*UTF8*$!
{
	archiveVersion = 1;
	classes = {
	};
	objectVersion = 50;
	objects = {

/* Begin PBXBuildFile section */
		BFED486920A31CE200BDD678 /* AppDelegate.m in Sources */ = {isa = PBXBuildFile; fileRef = BFED486820A31CE200BDD678 /* AppDelegate.m */; };
		BFED486C20A31CE200BDD678 /* ViewController.m in Sources */ = {isa = PBXBuildFile; fileRef = BFED486B20A31CE200BDD678 /* ViewController.m */; };
		BFED486F20A31CE200BDD678 /* Main.storyboard in Resources */ = {isa = PBXBuildFile; fileRef = BFED486D20A31CE200BDD678 /* Main.storyboard */; };
		BFED487120A31CE300BDD678 /* Assets.xcassets in Resources */ = {isa = PBXBuildFile; fileRef = BFED487020A31CE300BDD678 /* Assets.xcassets */; };
		BFED487420A31CE300BDD678 /* LaunchScreen.storyboard in Resources */ = {isa = PBXBuildFile; fileRef = BFED487220A31CE300BDD678 /* LaunchScreen.storyboard */; };
		BFED487720A31CE400BDD678 /* main.m in Sources */ = {isa = PBXBuildFile; fileRef = BFED487620A31CE400BDD678 /* main.m */; };
		BFED488720A336C800BDD678 /* Constants.m in Sources */ = {isa = PBXBuildFile; fileRef = BFED488620A336C800BDD678 /* Constants.m */; };
/* End PBXBuildFile section */

/* Begin PBXFileReference section */
		BFED486420A31CE200BDD678 /* CrashCatchDemo.app */ = {isa = PBXFileReference; explicitFileType = wrapper.application; includeInIndex = 0; path = CrashCatchDemo.app; sourceTree = BUILT_PRODUCTS_DIR; };
		BFED486720A31CE200BDD678 /* AppDelegate.h */ = {isa = PBXFileReference; lastKnownFileType = sourcecode.c.h; path = AppDelegate.h; sourceTree = "<group>"; };
		BFED486820A31CE200BDD678 /* AppDelegate.m */ = {isa = PBXFileReference; lastKnownFileType = sourcecode.c.objc; path = AppDelegate.m; sourceTree = "<group>"; };
		BFED486A20A31CE200BDD678 /* ViewController.h */ = {isa = PBXFileReference; lastKnownFileType = sourcecode.c.h; path = ViewController.h; sourceTree = "<group>"; };
		BFED486B20A31CE200BDD678 /* ViewController.m */ = {isa = PBXFileReference; lastKnownFileType = sourcecode.c.objc; path = ViewController.m; sourceTree = "<group>"; };
		BFED486E20A31CE200BDD678 /* Base */ = {isa = PBXFileReference; lastKnownFileType = file.storyboard; name = Base; path = Base.lproj/Main.storyboard; sourceTree = "<group>"; };
		BFED487020A31CE300BDD678 /* Assets.xcassets */ = {isa = PBXFileReference; lastKnownFileType = folder.assetcatalog; path = Assets.xcassets; sourceTree = "<group>"; };
		BFED487320A31CE300BDD678 /* Base */ = {isa = PBXFileReference; lastKnownFileType = file.storyboard; name = Base; path = Base.lproj/LaunchScreen.storyboard; sourceTree = "<group>"; };
		BFED487520A31CE300BDD678 /* Info.plist */ = {isa = PBXFileReference; lastKnownFileType = text.plist.xml; path = Info.plist; sourceTree = "<group>"; };
		BFED487620A31CE400BDD678 /* main.m */ = {isa = PBXFileReference; lastKnownFileType = sourcecode.c.objc; path = main.m; sourceTree = "<group>"; };
		BFED488520A32AF100BDD678 /* Constants.h */ = {isa = PBXFileReference; lastKnownFileType = sourcecode.c.h; path = Constants.h; sourceTree = "<group>"; };
		BFED488620A336C800BDD678 /* Constants.m */ = {isa = PBXFileReference; lastKnownFileType = sourcecode.c.objc; path = Constants.m; sourceTree = "<group>"; };
/* End PBXFileReference section */

/* Begin PBXFrameworksBuildPhase section */
		BFED486120A31CE200BDD678 /* Frameworks */ = {
			isa = PBXFrameworksBuildPhase;
			buildActionMask = 2147483647;
			files = (
			);
			runOnlyForDeploymentPostprocessing = 0;
		};
/* End PBXFrameworksBuildPhase section */

/* Begin PBXGroup section */
		BFED485B20A31CE200BDD678 = {
			isa = PBXGroup;
			children = (
				BFED486620A31CE200BDD678 /* CrashCatchDemo */,
				BFED486520A31CE200BDD678 /* Products */,
			);
			sourceTree = "<group>";
		};
		BFED486520A31CE200BDD678 /* Products */ = {
			isa = PBXGroup;
			children = (
				BFED486420A31CE200BDD678 /* CrashCatchDemo.app */,
			);
			name = Products;
			sourceTree = "<group>";
		};
		BFED486620A31CE200BDD678 /* CrashCatchDemo */ = {
			isa = PBXGroup;
			children = (
				BFED486720A31CE200BDD678 /* AppDelegate.h */,
				BFED486820A31CE200BDD678 /* AppDelegate.m */,
				BFED486A20A31CE200BDD678 /* ViewController.h */,
				BFED486B20A31CE200BDD678 /* ViewController.m */,
				BFED486D20A31CE200BDD678 /* Main.storyboard */,
				BFED487020A31CE300BDD678 /* Assets.xcassets */,
				BFED487220A31CE300BDD678 /* LaunchScreen.storyboard */,
				BFED487520A31CE300BDD678 /* Info.plist */,
				BFED487620A31CE400BDD678 /* main.m */,
				BFED488520A32AF100BDD678 /* Constants.h */,
				BFED488620A336C800BDD678 /* Constants.m */,
			);
			path = CrashCatchDemo;
			sourceTree = "<group>";
		};
/* End PBXGroup section */

/* Begin PBXNativeTarget section */
		BFED486320A31CE200BDD678 /* CrashCatchDemo */ = {
			isa = PBXNativeTarget;
			buildConfigurationList = BFED487A20A31CE400BDD678 /* Build configuration list for PBXNativeTarget "CrashCatchDemo" */;
			buildPhases = (
				BFED486020A31CE200BDD678 /* Sources */,
				BFED486120A31CE200BDD678 /* Frameworks */,
				BFED486220A31CE200BDD678 /* Resources */,
			);
			buildRules = (
			);
			dependencies = (
			);
			name = CrashCatchDemo;
			productName = CrashCatchDemo;
			productReference = BFED486420A31CE200BDD678 /* CrashCatchDemo.app */;
			productType = "com.apple.product-type.application";
		};
/* End PBXNativeTarget section */

/* Begin PBXProject section */
		BFED485C20A31CE200BDD678 /* Project object */ = {
			isa = PBXProject;
			attributes = {
				LastUpgradeCheck = 0930;
				ORGANIZATIONNAME = "Vincent li";
				TargetAttributes = {
					BFED486320A31CE200BDD678 = {
						CreatedOnToolsVersion = 9.3;
						SystemCapabilities = {
							com.apple.BackgroundModes = {
								enabled = 1;
							};
						};
					};
				};
			};
			buildConfigurationList = BFED485F20A31CE200BDD678 /* Build configuration list for PBXProject "CrashCatchDemo" */;
			compatibilityVersion = "Xcode 9.3";
			developmentRegion = en;
			hasScannedForEncodings = 0;
			knownRegions = (
				en,
				Base,
			);
			mainGroup = BFED485B20A31CE200BDD678;
			productRefGroup = BFED486520A31CE200BDD678 /* Products */;
			projectDirPath = "";
			projectRoot = "";
			targets = (
				BFED486320A31CE200BDD678 /* CrashCatchDemo */,
			);
		};
/* End PBXProject section */

/* Begin PBXResourcesBuildPhase section */
		BFED486220A31CE200BDD678 /* Resources */ = {
			isa = PBXResourcesBuildPhase;
			buildActionMask = 2147483647;
			files = (
				BFED487420A31CE300BDD678 /* LaunchScreen.storyboard in Resources */,
				BFED487120A31CE300BDD678 /* Assets.xcassets in Resources */,
				BFED486F20A31CE200BDD678 /* Main.storyboard in Resources */,
			);
			runOnlyForDeploymentPostprocessing = 0;
		};
/* End PBXResourcesBuildPhase section */

/* Begin PBXSourcesBuildPhase section */
		BFED486020A31CE200BDD678 /* Sources */ = {
			isa = PBXSourcesBuildPhase;
			buildActionMask = 2147483647;
			files = (
				BFED486C20A31CE200BDD678 /* ViewController.m in Sources */,
				BFED487720A31CE400BDD678 /* main.m in Sources */,
				BFED486920A31CE200BDD678 /* AppDelegate.m in Sources */,
				BFED488720A336C800BDD678 /* Constants.m in Sources */,
			);
			runOnlyForDeploymentPostprocessing = 0;
		};
/* End PBXSourcesBuildPhase section */

/* Begin PBXVariantGroup section */
		BFED486D20A31CE200BDD678 /* Main.storyboard */ = {
			isa = PBXVariantGroup;
			children = (
				BFED486E20A31CE200BDD678 /* Base */,
			);
			name = Main.storyboard;
			sourceTree = "<group>";
		};
		BFED487220A31CE300BDD678 /* LaunchScreen.storyboard */ = {
			isa = PBXVariantGroup;
			children = (
				BFED487320A31CE300BDD678 /* Base */,
			);
			name = LaunchScreen.storyboard;
			sourceTree = "<group>";
		};
/* End PBXVariantGroup section */

/* Begin XCBuildConfiguration section */
		BFED487820A31CE400BDD678 /* Debug */ = {
			isa = XCBuildConfiguration;
			buildSettings = {
				ALWAYS_SEARCH_USER_PATHS = NO;
				CLANG_ANALYZER_NONNULL = YES;
				CLANG_ANALYZER_NUMBER_OBJECT_CONVERSION = YES_AGGRESSIVE;
				CLANG_CXX_LANGUAGE_STANDARD = "gnu++14";
				CLANG_CXX_LIBRARY = "libc++";
				CLANG_ENABLE_MODULES = YES;
				CLANG_ENABLE_OBJC_ARC = YES;
				CLANG_ENABLE_OBJC_WEAK = YES;
				CLANG_WARN_BLOCK_CAPTURE_AUTORELEASING = YES;
				CLANG_WARN_BOOL_CONVERSION = YES;
				CLANG_WARN_COMMA = YES;
				CLANG_WARN_CONSTANT_CONVERSION = YES;
				CLANG_WARN_DEPRECATED_OBJC_IMPLEMENTATIONS = YES;
				CLANG_WARN_DIRECT_OBJC_ISA_USAGE = YES_ERROR;
				CLANG_WARN_DOCUMENTATION_COMMENTS = YES;
				CLANG_WARN_EMPTY_BODY = YES;
				CLANG_WARN_ENUM_CONVERSION = YES;
				CLANG_WARN_INFINITE_RECURSION = YES;
				CLANG_WARN_INT_CONVERSION = YES;
				CLANG_WARN_NON_LITERAL_NULL_CONVERSION = YES;
				CLANG_WARN_OBJC_IMPLICIT_RETAIN_SELF = YES;
				CLANG_WARN_OBJC_LITERAL_CONVERSION = YES;
				CLANG_WARN_OBJC_ROOT_CLASS = YES_ERROR;
				CLANG_WARN_RANGE_LOOP_ANALYSIS = YES;
				CLANG_WARN_STRICT_PROTOTYPES = YES;
				CLANG_WARN_SUSPICIOUS_MOVE = YES;
				CLANG_WARN_UNGUARDED_AVAILABILITY = YES_AGGRESSIVE;
				CLANG_WARN_UNREACHABLE_CODE = YES;
				CLANG_WARN__DUPLICATE_METHOD_MATCH = YES;
				CODE_SIGN_IDENTITY = "iPhone Developer";
				COPY_PHASE_STRIP = NO;
				DEBUG_INFORMATION_FORMAT = dwarf;
				ENABLE_STRICT_OBJC_MSGSEND = YES;
				ENABLE_TESTABILITY = YES;
				GCC_C_LANGUAGE_STANDARD = gnu11;
				GCC_DYNAMIC_NO_PIC = NO;
				GCC_NO_COMMON_BLOCKS = YES;
				GCC_OPTIMIZATION_LEVEL = 0;
				GCC_PREPROCESSOR_DEFINITIONS = (
					"DEBUG=1",
					"$(inherited)",
				);
				GCC_WARN_64_TO_32_BIT_CONVERSION = YES;
				GCC_WARN_ABOUT_RETURN_TYPE = YES_ERROR;
				GCC_WARN_UNDECLARED_SELECTOR = YES;
				GCC_WARN_UNINITIALIZED_AUTOS = YES_AGGRESSIVE;
				GCC_WARN_UNUSED_FUNCTION = YES;
				GCC_WARN_UNUSED_VARIABLE = YES;
				IPHONEOS_DEPLOYMENT_TARGET = 11.3;
				MTL_ENABLE_DEBUG_INFO = YES;
				ONLY_ACTIVE_ARCH = YES;
				SDKROOT = iphoneos;
			};
			name = Debug;
		};
		BFED487920A31CE400BDD678 /* Release */ = {
			isa = XCBuildConfiguration;
			buildSettings = {
				ALWAYS_SEARCH_USER_PATHS = NO;
				CLANG_ANALYZER_NONNULL = YES;
				CLANG_ANALYZER_NUMBER_OBJECT_CONVERSION = YES_AGGRESSIVE;
				CLANG_CXX_LANGUAGE_STANDARD = "gnu++14";
				CLANG_CXX_LIBRARY = "libc++";
				CLANG_ENABLE_MODULES = YES;
				CLANG_ENABLE_OBJC_ARC = YES;
				CLANG_ENABLE_OBJC_WEAK = YES;
				CLANG_WARN_BLOCK_CAPTURE_AUTORELEASING = YES;
				CLANG_WARN_BOOL_CONVERSION = YES;
				CLANG_WARN_COMMA = YES;
				CLANG_WARN_CONSTANT_CONVERSION = YES;
				CLANG_WARN_DEPRECATED_OBJC_IMPLEMENTATIONS = YES;
				CLANG_WARN_DIRECT_OBJC_ISA_USAGE = YES_ERROR;
				CLANG_WARN_DOCUMENTATION_COMMENTS = YES;
				CLANG_WARN_EMPTY_BODY = YES;
				CLANG_WARN_ENUM_CONVERSION = YES;
				CLANG_WARN_INFINITE_RECURSION = YES;
				CLANG_WARN_INT_CONVERSION = YES;
				CLANG_WARN_NON_LITERAL_NULL_CONVERSION = YES;
				CLANG_WARN_OBJC_IMPLICIT_RETAIN_SELF = YES;
				CLANG_WARN_OBJC_LITERAL_CONVERSION = YES;
				CLANG_WARN_OBJC_ROOT_CLASS = YES_ERROR;
				CLANG_WARN_RANGE_LOOP_ANALYSIS = YES;
				CLANG_WARN_STRICT_PROTOTYPES = YES;
				CLANG_WARN_SUSPICIOUS_MOVE = YES;
				CLANG_WARN_UNGUARDED_AVAILABILITY = YES_AGGRESSIVE;
				CLANG_WARN_UNREACHABLE_CODE = YES;
				CLANG_WARN__DUPLICATE_METHOD_MATCH = YES;
				CODE_SIGN_IDENTITY = "iPhone Developer";
				COPY_PHASE_STRIP = NO;
				DEBUG_INFORMATION_FORMAT = "dwarf-with-dsym";
				ENABLE_NS_ASSERTIONS = NO;
				ENABLE_STRICT_OBJC_MSGSEND = YES;
				GCC_C_LANGUAGE_STANDARD = gnu11;
				GCC_NO_COMMON_BLOCKS = YES;
				GCC_WARN_64_TO_32_BIT_CONVERSION = YES;
				GCC_WARN_ABOUT_RETURN_TYPE = YES_ERROR;
				GCC_WARN_UNDECLARED_SELECTOR = YES;
				GCC_WARN_UNINITIALIZED_AUTOS = YES_AGGRESSIVE;
				GCC_WARN_UNUSED_FUNCTION = YES;
				GCC_WARN_UNUSED_VARIABLE = YES;
				IPHONEOS_DEPLOYMENT_TARGET = 11.3;
				MTL_ENABLE_DEBUG_INFO = NO;
				SDKROOT = iphoneos;
				VALIDATE_PRODUCT = YES;
			};
			name = Release;
		};
		BFED487B20A31CE400BDD678 /* Debug */ = {
			isa = XCBuildConfiguration;
			buildSettings = {
				ASSETCATALOG_COMPILER_APPICON_NAME = AppIcon;
				CODE_SIGN_STYLE = Automatic;
				INFOPLIST_FILE = CrashCatchDemo/Info.plist;
				LD_RUNPATH_SEARCH_PATHS = (
					"$(inherited)",
					"@executable_path/Frameworks",
				);
				PRODUCT_BUNDLE_IDENTIFIER = com.example.CrashCatchDemo;
				PRODUCT_NAME = "$(TARGET_NAME)";
				TARGETED_DEVICE_FAMILY = "1,2";
			};
			name = Debug;
		};
		BFED487C20A31CE400BDD678 /* Release */ = {
			isa = XCBuildConfiguration;
			buildSettings = {
				ASSETCATALOG_COMPILER_APPICON_NAME = AppIcon;
				CODE_SIGN_STYLE = Automatic;
				INFOPLIST_FILE = CrashCatchDemo/Info.plist;
				LD_RUNPATH_SEARCH_PATHS = (
					"$(inherited)",
					"@executable_path/Frameworks",
				);
				PRODUCT_BUNDLE_IDENTIFIER = com.example.CrashCatchDemo;
				PRODUCT_NAME = "$(TARGET_NAME)";
				TARGETED_DEVICE_FAMILY = "1,2";
			};
			name = Release;
		};
/* End XCBuildConfiguration section */

/* Begin XCConfigurationList section */
		BFED485F20A31CE200BDD678 /* Build configuration list for PBXProject "CrashCatchDemo" */ = {
			isa = XCConfigurationList;
			buildConfigurations = (
				BFED487820A31CE400BDD678 /* Debug */,
				BFED487920A31CE400BDD678 /* Release */,
			);
			defaultConfigurationIsVisible = 0;
			defaultConfigurationName = Release;
		};
		BFED487A20A31CE400BDD678 /* Build configuration list for PBXNativeTarget "CrashCatchDemo" */ = {
			isa = XCConfigurationList;
			buildConfigurations = (
				BFED487B20A31CE400BDD678 /* Debug */,
				BFED487C20A31CE400BDD678 /* Release */,
			);
			defaultConfigurationIsVisible = 0;
			defaultConfigurationName = Release;
		};
/* End XCConfigurationList section */
	};
	rootObject = BFED485C20A31CE200BDD678 /* Project object */;
}
